
Microsoft Visual Studio Solution File, Format Version 11.00
# Visual Studio 2010
Project("{8BC9CEB8-8B4A-11D0-8D11-00A0C91BC942}") = "two", "two.vcxproj", "{AB1E7118-0D21-41F1-B60A-85CCC20CF472}"
EndProject
Global
	GlobalSection(SolutionConfigurationPlatforms) = preSolution
		Debug|Win32 = Debug|Win32
		Release|Win32 = Release|Win32
	EndGlobalSection
	GlobalSection(ProjectConfigurationPlatforms) = postSolution
		{AB1E7118-0D21-41F1-B60A-85CCC20CF472}.Debug|Win32.ActiveCfg = Debug|Win32
		{AB1E7118-0D21-41F1-B60A-85CCC20CF472}.Debug|Win32.Build.0 = Debug|Win32
		{AB1E7118-0D21-41F1-B60A-85CCC20CF472}.Release|Win32.ActiveCfg = Release|Win32
		{AB1E7118-0D21-41F1-B60A-85CCC20CF472}.Release|Win32.Build.0 = Release|Win32
	EndGlobalSection
	GlobalSection(SolutionProperties) = preSolution
		HideSolutionNode = FALSE
	EndGlobalSection
EndGlobal
